
Microsoft Visual Studio Solution File, Format Version 12.00
# Visual Studio Version 16
VisualStudioVersion = 16.0.31410.357
MinimumVisualStudioVersion = 10.0.40219.1
Project("{FAE04EC0-301F-11D3-BF4B-00C04F79EFBC}") = "vila_tour_di", "vila_tour_di\vila_tour_di.csproj", "{E128711B-E44E-4903-96C6-67280FBB0870}"
EndProject
Global
	GlobalSection(SolutionConfigurationPlatforms) = preSolution
		Debug|Any CPU = Debug|Any CPU
		Release|Any CPU = Release|Any CPU
	EndGlobalSection
	GlobalSection(ProjectConfigurationPlatforms) = postSolution
		{E128711B-E44E-4903-96C6-67280FBB0870}.Debug|Any CPU.ActiveCfg = Debug|Any CPU
		{E128711B-E44E-4903-96C6-67280FBB0870}.Debug|Any CPU.Build.0 = Debug|Any CPU
		{E128711B-E44E-4903-96C6-67280FBB0870}.Release|Any CPU.ActiveCfg = Release|Any CPU
		{E128711B-E44E-4903-96C6-67280FBB0870}.Release|Any CPU.Build.0 = Release|Any CPU
	EndGlobalSection
	GlobalSection(SolutionProperties) = preSolution
		HideSolutionNode = FALSE
	EndGlobalSection
	GlobalSection(ExtensibilityGlobals) = postSolution
		SolutionGuid = {EC1442CC-081B-46E2-B9FD-D94954505417}
	EndGlobalSection
EndGlobal
